
Microsoft Visual Studio Solution File, Format Version 12.00
# Visual Studio Version 17
VisualStudioVersion = 17.4.32916.344
MinimumVisualStudioVersion = 10.0.40219.1
Project("{FAE04EC0-301F-11D3-BF4B-00C04F79EFBC}") = "Banco", "Banco\Banco.csproj", "{0495DFA1-11D6-4968-8D8B-F8BFA510C3DE}"
EndProject
Global
	GlobalSection(SolutionConfigurationPlatforms) = preSolution
		Debug|Any CPU = Debug|Any CPU
		Release|Any CPU = Release|Any CPU
	EndGlobalSection
	GlobalSection(ProjectConfigurationPlatforms) = postSolution
		{0495DFA1-11D6-4968-8D8B-F8BFA510C3DE}.Debug|Any CPU.ActiveCfg = Debug|Any CPU
		{0495DFA1-11D6-4968-8D8B-F8BFA510C3DE}.Debug|Any CPU.Build.0 = Debug|Any CPU
		{0495DFA1-11D6-4968-8D8B-F8BFA510C3DE}.Release|Any CPU.ActiveCfg = Release|Any CPU
		{0495DFA1-11D6-4968-8D8B-F8BFA510C3DE}.Release|Any CPU.Build.0 = Release|Any CPU
	EndGlobalSection
	GlobalSection(SolutionProperties) = preSolution
		HideSolutionNode = FALSE
	EndGlobalSection
	GlobalSection(ExtensibilityGlobals) = postSolution
		SolutionGuid = {F6DFD25D-20D6-47D0-A924-2BD922A64DAF}
	EndGlobalSection
EndGlobal
